// !$*UTF8*$!
{
	archiveVersion = 1;
	classes = {
	};
	objectVersion = 46;
	objects = {

/* Begin PBXBuildFile section */
		67220BEF1EE6F490009D1BA2 /* MapKit.framework in Frameworks */ = {isa = PBXBuildFile; fileRef = 67220BEE1EE6F490009D1BA2 /* MapKit.framework */; };
		6725F11C1EDD510E00D43EED /* NewBikeTourViewController.swift in Sources */ = {isa = PBXBuildFile; fileRef = 6725F11B1EDD510E00D43EED /* NewBikeTourViewController.swift */; };
		6725F11E1EDD639D00D43EED /* BikeRoute.swift in Sources */ = {isa = PBXBuildFile; fileRef = 6725F11D1EDD639D00D43EED /* BikeRoute.swift */; };
		6725F1201EDD9BD500D43EED /* BikeRouteStore.swift in Sources */ = {isa = PBXBuildFile; fileRef = 6725F11F1EDD9BD500D43EED /* BikeRouteStore.swift */; };
		6725F1221EDDABBF00D43EED /* BikeRouteTableViewController.swift in Sources */ = {isa = PBXBuildFile; fileRef = 6725F1211EDDABBF00D43EED /* BikeRouteTableViewController.swift */; };
		6725F1241EDDE70500D43EED /* BikeRouteTableViewCell.swift in Sources */ = {isa = PBXBuildFile; fileRef = 6725F1231EDDE70500D43EED /* BikeRouteTableViewCell.swift */; };
		6753877F1EE96C1E0073B342 /* CalcCriteria.swift in Sources */ = {isa = PBXBuildFile; fileRef = 6753877E1EE96C1E0073B342 /* CalcCriteria.swift */; };
		675387811EE97C570073B342 /* UIView+RoundedCorners.swift in Sources */ = {isa = PBXBuildFile; fileRef = 675387801EE97C570073B342 /* UIView+RoundedCorners.swift */; };
		67ADA1F11EED86E600E82207 /* WeatherGetter.swift in Sources */ = {isa = PBXBuildFile; fileRef = 67ADA1F01EED86E600E82207 /* WeatherGetter.swift */; };
		67D3E47F1ED87ADF000EA75B /* AppDelegate.swift in Sources */ = {isa = PBXBuildFile; fileRef = 67D3E47E1ED87ADF000EA75B /* AppDelegate.swift */; };
		67D3E4841ED87ADF000EA75B /* Main.storyboard in Resources */ = {isa = PBXBuildFile; fileRef = 67D3E4821ED87ADF000EA75B /* Main.storyboard */; };
		67D3E4861ED87ADF000EA75B /* Assets.xcassets in Resources */ = {isa = PBXBuildFile; fileRef = 67D3E4851ED87ADF000EA75B /* Assets.xcassets */; };
		67D3E4891ED87ADF000EA75B /* LaunchScreen.storyboard in Resources */ = {isa = PBXBuildFile; fileRef = 67D3E4871ED87ADF000EA75B /* LaunchScreen.storyboard */; };
		67D3E4941ED87ADF000EA75B /* BikeHistorieTests.swift in Sources */ = {isa = PBXBuildFile; fileRef = 67D3E4931ED87ADF000EA75B /* BikeHistorieTests.swift */; };
		67DBFA261EDEF697005E56D9 /* BikesEnums.swift in Sources */ = {isa = PBXBuildFile; fileRef = 67DBFA251EDEF697005E56D9 /* BikesEnums.swift */; };
		67DBFA2A1EDF05C7005E56D9 /* DriveReviewViewController.swift in Sources */ = {isa = PBXBuildFile; fileRef = 67DBFA291EDF05C7005E56D9 /* DriveReviewViewController.swift */; };
		67DBFA2C1EDFFE80005E56D9 /* DateUtil.swift in Sources */ = {isa = PBXBuildFile; fileRef = 67DBFA2B1EDFFE80005E56D9 /* DateUtil.swift */; };
		67DBFA301EE03B95005E56D9 /* ReviewBikeCriteria.swift in Sources */ = {isa = PBXBuildFile; fileRef = 67DBFA2F1EE03B95005E56D9 /* ReviewBikeCriteria.swift */; };
		67EDBD151EE804A800BA2ABA /* DriveMapViewController.swift in Sources */ = {isa = PBXBuildFile; fileRef = 67EDBD141EE804A800BA2ABA /* DriveMapViewController.swift */; };
		67FE18A51EE9A210003C50DA /* MapLocation.swift in Sources */ = {isa = PBXBuildFile; fileRef = 67FE18A41EE9A210003C50DA /* MapLocation.swift */; };
/* End PBXBuildFile section */

/* Begin PBXContainerItemProxy section */
		67D3E4901ED87ADF000EA75B /* PBXContainerItemProxy */ = {
			isa = PBXContainerItemProxy;
			containerPortal = 67D3E4731ED87ADF000EA75B /* Project object */;
			proxyType = 1;
			remoteGlobalIDString = 67D3E47A1ED87ADF000EA75B;
			remoteInfo = BikeHistorie;
		};
/* End PBXContainerItemProxy section */

/* Begin PBXFileReference section */
		67220BEE1EE6F490009D1BA2 /* MapKit.framework */ = {isa = PBXFileReference; lastKnownFileType = wrapper.framework; name = MapKit.framework; path = System/Library/Frameworks/MapKit.framework; sourceTree = SDKROOT; };
		6725F11B1EDD510E00D43EED /* NewBikeTourViewController.swift */ = {isa = PBXFileReference; fileEncoding = 4; lastKnownFileType = sourcecode.swift; path = NewBikeTourViewController.swift; sourceTree = "<group>"; };
		6725F11D1EDD639D00D43EED /* BikeRoute.swift */ = {isa = PBXFileReference; fileEncoding = 4; lastKnownFileType = sourcecode.swift; path = BikeRoute.swift; sourceTree = "<group>"; };
		6725F11F1EDD9BD500D43EED /* BikeRouteStore.swift */ = {isa = PBXFileReference; fileEncoding = 4; lastKnownFileType = sourcecode.swift; path = BikeRouteStore.swift; sourceTree = "<group>"; };
		6725F1211EDDABBF00D43EED /* BikeRouteTableViewController.swift */ = {isa = PBXFileReference; fileEncoding = 4; lastKnownFileType = sourcecode.swift; path = BikeRouteTableViewController.swift; sourceTree = "<group>"; };
		6725F1231EDDE70500D43EED /* BikeRouteTableViewCell.swift */ = {isa = PBXFileReference; fileEncoding = 4; lastKnownFileType = sourcecode.swift; path = BikeRouteTableViewCell.swift; sourceTree = "<group>"; };
		6753877E1EE96C1E0073B342 /* CalcCriteria.swift */ = {isa = PBXFileReference; fileEncoding = 4; lastKnownFileType = sourcecode.swift; path = CalcCriteria.swift; sourceTree = "<group>"; };
		675387801EE97C570073B342 /* UIView+RoundedCorners.swift */ = {isa = PBXFileReference; fileEncoding = 4; lastKnownFileType = sourcecode.swift; path = "UIView+RoundedCorners.swift"; sourceTree = "<group>"; };
		67ADA1F01EED86E600E82207 /* WeatherGetter.swift */ = {isa = PBXFileReference; fileEncoding = 4; lastKnownFileType = sourcecode.swift; path = WeatherGetter.swift; sourceTree = "<group>"; };
		67D3E47B1ED87ADF000EA75B /* BikeHistorie.app */ = {isa = PBXFileReference; explicitFileType = wrapper.application; includeInIndex = 0; path = BikeHistorie.app; sourceTree = BUILT_PRODUCTS_DIR; };
		67D3E47E1ED87ADF000EA75B /* AppDelegate.swift */ = {isa = PBXFileReference; lastKnownFileType = sourcecode.swift; path = AppDelegate.swift; sourceTree = "<group>"; };
		67D3E4831ED87ADF000EA75B /* Base */ = {isa = PBXFileReference; lastKnownFileType = file.storyboard; name = Base; path = Base.lproj/Main.storyboard; sourceTree = "<group>"; };
		67D3E4851ED87ADF000EA75B /* Assets.xcassets */ = {isa = PBXFileReference; lastKnownFileType = folder.assetcatalog; path = Assets.xcassets; sourceTree = "<group>"; };
		67D3E4881ED87ADF000EA75B /* Base */ = {isa = PBXFileReference; lastKnownFileType = file.storyboard; name = Base; path = Base.lproj/LaunchScreen.storyboard; sourceTree = "<group>"; };
		67D3E48A1ED87ADF000EA75B /* Info.plist */ = {isa = PBXFileReference; lastKnownFileType = text.plist.xml; path = Info.plist; sourceTree = "<group>"; };
		67D3E48F1ED87ADF000EA75B /* BikeHistorieTests.xctest */ = {isa = PBXFileReference; explicitFileType = wrapper.cfbundle; includeInIndex = 0; path = BikeHistorieTests.xctest; sourceTree = BUILT_PRODUCTS_DIR; };
		67D3E4931ED87ADF000EA75B /* BikeHistorieTests.swift */ = {isa = PBXFileReference; lastKnownFileType = sourcecode.swift; path = BikeHistorieTests.swift; sourceTree = "<group>"; };
		67D3E4951ED87ADF000EA75B /* Info.plist */ = {isa = PBXFileReference; lastKnownFileType = text.plist.xml; path = Info.plist; sourceTree = "<group>"; };
		67DBFA251EDEF697005E56D9 /* BikesEnums.swift */ = {isa = PBXFileReference; fileEncoding = 4; lastKnownFileType = sourcecode.swift; path = BikesEnums.swift; sourceTree = "<group>"; };
		67DBFA291EDF05C7005E56D9 /* DriveReviewViewController.swift */ = {isa = PBXFileReference; fileEncoding = 4; lastKnownFileType = sourcecode.swift; name = DriveReviewViewController.swift; path = ../DriveReviewViewController.swift; sourceTree = "<group>"; };
		67DBFA2B1EDFFE80005E56D9 /* DateUtil.swift */ = {isa = PBXFileReference; fileEncoding = 4; lastKnownFileType = sourcecode.swift; name = DateUtil.swift; path = BikeHistorie/DateUtil.swift; sourceTree = "<group>"; };
		67DBFA2D1EE019FC005E56D9 /* de */ = {isa = PBXFileReference; lastKnownFileType = text.plist.strings; name = de; path = de.lproj/Main.strings; sourceTree = "<group>"; };
		67DBFA2E1EE019FC005E56D9 /* de */ = {isa = PBXFileReference; lastKnownFileType = text.plist.strings; name = de; path = de.lproj/LaunchScreen.strings; sourceTree = "<group>"; };
		67DBFA2F1EE03B95005E56D9 /* ReviewBikeCriteria.swift */ = {isa = PBXFileReference; fileEncoding = 4; lastKnownFileType = sourcecode.swift; path = ReviewBikeCriteria.swift; sourceTree = "<group>"; };
		67EDBD141EE804A800BA2ABA /* DriveMapViewController.swift */ = {isa = PBXFileReference; fileEncoding = 4; lastKnownFileType = sourcecode.swift; path = DriveMapViewController.swift; sourceTree = "<group>"; };
		67FE18A41EE9A210003C50DA /* MapLocation.swift */ = {isa = PBXFileReference; fileEncoding = 4; lastKnownFileType = sourcecode.swift; path = MapLocation.swift; sourceTree = "<group>"; };
/* End PBXFileReference section */

/* Begin PBXFrameworksBuildPhase section */
		67D3E4781ED87ADF000EA75B /* Frameworks */ = {
			isa = PBXFrameworksBuildPhase;
			buildActionMask = 2147483647;
			files = (
				67220BEF1EE6F490009D1BA2 /* MapKit.framework in Frameworks */,
			);
			runOnlyForDeploymentPostprocessing = 0;
		};
		67D3E48C1ED87ADF000EA75B /* Frameworks */ = {
			isa = PBXFrameworksBuildPhase;
			buildActionMask = 2147483647;
			files = (
			);
			runOnlyForDeploymentPostprocessing = 0;
		};
/* End PBXFrameworksBuildPhase section */

/* Begin PBXGroup section */
		67220BED1EE6F490009D1BA2 /* Frameworks */ = {
			isa = PBXGroup;
			children = (
				67220BEE1EE6F490009D1BA2 /* MapKit.framework */,
			);
			name = Frameworks;
			sourceTree = "<group>";
		};
		6725F11A1EDD507100D43EED /* docu */ = {
			isa = PBXGroup;
			children = (
				67D3E4851ED87ADF000EA75B /* Assets.xcassets */,
				67D3E4871ED87ADF000EA75B /* LaunchScreen.storyboard */,
				67D3E48A1ED87ADF000EA75B /* Info.plist */,
			);
			name = docu;
			sourceTree = "<group>";
		};
		67D3E4721ED87ADF000EA75B = {
			isa = PBXGroup;
			children = (
				67ADA1F01EED86E600E82207 /* WeatherGetter.swift */,
				6753877E1EE96C1E0073B342 /* CalcCriteria.swift */,
				67DBFA2B1EDFFE80005E56D9 /* DateUtil.swift */,
				67DBFA251EDEF697005E56D9 /* BikesEnums.swift */,
				6725F1231EDDE70500D43EED /* BikeRouteTableViewCell.swift */,
				6725F11D1EDD639D00D43EED /* BikeRoute.swift */,
				67DBFA2F1EE03B95005E56D9 /* ReviewBikeCriteria.swift */,
				67FE18A41EE9A210003C50DA /* MapLocation.swift */,
				6725F11F1EDD9BD500D43EED /* BikeRouteStore.swift */,
				675387801EE97C570073B342 /* UIView+RoundedCorners.swift */,
				67D3E47D1ED87ADF000EA75B /* BikeHistorie */,
				67D3E4921ED87ADF000EA75B /* BikeHistorieTests */,
				67D3E47C1ED87ADF000EA75B /* Products */,
				67220BED1EE6F490009D1BA2 /* Frameworks */,
			);
			sourceTree = "<group>";
		};
		67D3E47C1ED87ADF000EA75B /* Products */ = {
			isa = PBXGroup;
			children = (
				67D3E47B1ED87ADF000EA75B /* BikeHistorie.app */,
				67D3E48F1ED87ADF000EA75B /* BikeHistorieTests.xctest */,
			);
			name = Products;
			sourceTree = "<group>";
		};
		67D3E47D1ED87ADF000EA75B /* BikeHistorie */ = {
			isa = PBXGroup;
			children = (
				67D3E4821ED87ADF000EA75B /* Main.storyboard */,
				67DBFA291EDF05C7005E56D9 /* DriveReviewViewController.swift */,
				6725F1211EDDABBF00D43EED /* BikeRouteTableViewController.swift */,
				6725F11B1EDD510E00D43EED /* NewBikeTourViewController.swift */,
				67D3E47E1ED87ADF000EA75B /* AppDelegate.swift */,
				67EDBD141EE804A800BA2ABA /* DriveMapViewController.swift */,
				6725F11A1EDD507100D43EED /* docu */,
			);
			path = BikeHistorie;
			sourceTree = "<group>";
		};
		67D3E4921ED87ADF000EA75B /* BikeHistorieTests */ = {
			isa = PBXGroup;
			children = (
				67D3E4931ED87ADF000EA75B /* BikeHistorieTests.swift */,
				67D3E4951ED87ADF000EA75B /* Info.plist */,
			);
			path = BikeHistorieTests;
			sourceTree = "<group>";
		};
/* End PBXGroup section */

/* Begin PBXNativeTarget section */
		67D3E47A1ED87ADF000EA75B /* BikeHistorie */ = {
			isa = PBXNativeTarget;
			buildConfigurationList = 67D3E4981ED87ADF000EA75B /* Build configuration list for PBXNativeTarget "BikeHistorie" */;
			buildPhases = (
				67D3E4771ED87ADF000EA75B /* Sources */,
				67D3E4781ED87ADF000EA75B /* Frameworks */,
				67D3E4791ED87ADF000EA75B /* Resources */,
			);
			buildRules = (
			);
			dependencies = (
			);
			name = BikeHistorie;
			productName = BikeHistorie;
			productReference = 67D3E47B1ED87ADF000EA75B /* BikeHistorie.app */;
			productType = "com.apple.product-type.application";
		};
		67D3E48E1ED87ADF000EA75B /* BikeHistorieTests */ = {
			isa = PBXNativeTarget;
			buildConfigurationList = 67D3E49B1ED87ADF000EA75B /* Build configuration list for PBXNativeTarget "BikeHistorieTests" */;
			buildPhases = (
				67D3E48B1ED87ADF000EA75B /* Sources */,
				67D3E48C1ED87ADF000EA75B /* Frameworks */,
				67D3E48D1ED87ADF000EA75B /* Resources */,
			);
			buildRules = (
			);
			dependencies = (
				67D3E4911ED87ADF000EA75B /* PBXTargetDependency */,
			);
			name = BikeHistorieTests;
			productName = BikeHistorieTests;
			productReference = 67D3E48F1ED87ADF000EA75B /* BikeHistorieTests.xctest */;
			productType = "com.apple.product-type.bundle.unit-test";
		};
/* End PBXNativeTarget section */

/* Begin PBXProject section */
		67D3E4731ED87ADF000EA75B /* Project object */ = {
			isa = PBXProject;
			attributes = {
				LastSwiftUpdateCheck = 0830;
				LastUpgradeCheck = 0830;
				ORGANIZATIONNAME = Team_iOS;
				TargetAttributes = {
					67D3E47A1ED87ADF000EA75B = {
						CreatedOnToolsVersion = 8.3;
						ProvisioningStyle = Automatic;
					};
					67D3E48E1ED87ADF000EA75B = {
						CreatedOnToolsVersion = 8.3;
						ProvisioningStyle = Automatic;
						TestTargetID = 67D3E47A1ED87ADF000EA75B;
					};
				};
			};
			buildConfigurationList = 67D3E4761ED87ADF000EA75B /* Build configuration list for PBXProject "BikeHistorie" */;
			compatibilityVersion = "Xcode 3.2";
			developmentRegion = English;
			hasScannedForEncodings = 0;
			knownRegions = (
				en,
				Base,
			);
			mainGroup = 67D3E4721ED87ADF000EA75B;
			productRefGroup = 67D3E47C1ED87ADF000EA75B /* Products */;
			projectDirPath = "";
			projectRoot = "";
			targets = (
				67D3E47A1ED87ADF000EA75B /* BikeHistorie */,
				67D3E48E1ED87ADF000EA75B /* BikeHistorieTests */,
			);
		};
/* End PBXProject section */

/* Begin PBXResourcesBuildPhase section */
		67D3E4791ED87ADF000EA75B /* Resources */ = {
			isa = PBXResourcesBuildPhase;
			buildActionMask = 2147483647;
			files = (
				67D3E4891ED87ADF000EA75B /* LaunchScreen.storyboard in Resources */,
				67D3E4861ED87ADF000EA75B /* Assets.xcassets in Resources */,
				67D3E4841ED87ADF000EA75B /* Main.storyboard in Resources */,
			);
			runOnlyForDeploymentPostprocessing = 0;
		};
		67D3E48D1ED87ADF000EA75B /* Resources */ = {
			isa = PBXResourcesBuildPhase;
			buildActionMask = 2147483647;
			files = (
			);
			runOnlyForDeploymentPostprocessing = 0;
		};
/* End PBXResourcesBuildPhase section */

/* Begin PBXSourcesBuildPhase section */
		67D3E4771ED87ADF000EA75B /* Sources */ = {
			isa = PBXSourcesBuildPhase;
			buildActionMask = 2147483647;
			files = (
				6725F11E1EDD639D00D43EED /* BikeRoute.swift in Sources */,
				67ADA1F11EED86E600E82207 /* WeatherGetter.swift in Sources */,
				67DBFA301EE03B95005E56D9 /* ReviewBikeCriteria.swift in Sources */,
				6725F11C1EDD510E00D43EED /* NewBikeTourViewController.swift in Sources */,
				67DBFA261EDEF697005E56D9 /* BikesEnums.swift in Sources */,
				6725F1241EDDE70500D43EED /* BikeRouteTableViewCell.swift in Sources */,
				6725F1201EDD9BD500D43EED /* BikeRouteStore.swift in Sources */,
				67DBFA2C1EDFFE80005E56D9 /* DateUtil.swift in Sources */,
				67FE18A51EE9A210003C50DA /* MapLocation.swift in Sources */,
				675387811EE97C570073B342 /* UIView+RoundedCorners.swift in Sources */,
				67DBFA2A1EDF05C7005E56D9 /* DriveReviewViewController.swift in Sources */,
				67EDBD151EE804A800BA2ABA /* DriveMapViewController.swift in Sources */,
				67D3E47F1ED87ADF000EA75B /* AppDelegate.swift in Sources */,
				6725F1221EDDABBF00D43EED /* BikeRouteTableViewController.swift in Sources */,
				6753877F1EE96C1E0073B342 /* CalcCriteria.swift in Sources */,
			);
			runOnlyForDeploymentPostprocessing = 0;
		};
		67D3E48B1ED87ADF000EA75B /* Sources */ = {
			isa = PBXSourcesBuildPhase;
			buildActionMask = 2147483647;
			files = (
				67D3E4941ED87ADF000EA75B /* BikeHistorieTests.swift in Sources */,
			);
			runOnlyForDeploymentPostprocessing = 0;
		};
/* End PBXSourcesBuildPhase section */

/* Begin PBXTargetDependency section */
		67D3E4911ED87ADF000EA75B /* PBXTargetDependency */ = {
			isa = PBXTargetDependency;
			target = 67D3E47A1ED87ADF000EA75B /* BikeHistorie */;
			targetProxy = 67D3E4901ED87ADF000EA75B /* PBXContainerItemProxy */;
		};
/* End PBXTargetDependency section */

/* Begin PBXVariantGroup section */
		67D3E4821ED87ADF000EA75B /* Main.storyboard */ = {
			isa = PBXVariantGroup;
			children = (
				67D3E4831ED87ADF000EA75B /* Base */,
				67DBFA2D1EE019FC005E56D9 /* de */,
			);
			name = Main.storyboard;
			sourceTree = "<group>";
		};
		67D3E4871ED87ADF000EA75B /* LaunchScreen.storyboard */ = {
			isa = PBXVariantGroup;
			children = (
				67D3E4881ED87ADF000EA75B /* Base */,
				67DBFA2E1EE019FC005E56D9 /* de */,
			);
			name = LaunchScreen.storyboard;
			sourceTree = "<group>";
		};
/* End PBXVariantGroup section */

/* Begin XCBuildConfiguration section */
		67D3E4961ED87ADF000EA75B /* Debug */ = {
			isa = XCBuildConfiguration;
			buildSettings = {
				ALWAYS_SEARCH_USER_PATHS = NO;
				CLANG_ANALYZER_LOCALIZABILITY_NONLOCALIZED = YES;
				CLANG_ANALYZER_NONNULL = YES;
				CLANG_ANALYZER_NUMBER_OBJECT_CONVERSION = YES_AGGRESSIVE;
				CLANG_CXX_LANGUAGE_STANDARD = "gnu++0x";
				CLANG_CXX_LIBRARY = "libc++";
				CLANG_ENABLE_MODULES = YES;
				CLANG_ENABLE_OBJC_ARC = YES;
				CLANG_WARN_BOOL_CONVERSION = YES;
				CLANG_WARN_CONSTANT_CONVERSION = YES;
				CLANG_WARN_DIRECT_OBJC_ISA_USAGE = YES_ERROR;
				CLANG_WARN_DOCUMENTATION_COMMENTS = YES;
				CLANG_WARN_EMPTY_BODY = YES;
				CLANG_WARN_ENUM_CONVERSION = YES;
				CLANG_WARN_INFINITE_RECURSION = YES;
				CLANG_WARN_INT_CONVERSION = YES;
				CLANG_WARN_OBJC_ROOT_CLASS = YES_ERROR;
				CLANG_WARN_SUSPICIOUS_MOVE = YES;
				CLANG_WARN_UNREACHABLE_CODE = YES;
				CLANG_WARN__DUPLICATE_METHOD_MATCH = YES;
				"CODE_SIGN_IDENTITY[sdk=iphoneos*]" = "iPhone Developer";
				COPY_PHASE_STRIP = NO;
				DEBUG_INFORMATION_FORMAT = dwarf;
				ENABLE_STRICT_OBJC_MSGSEND = YES;
				ENABLE_TESTABILITY = YES;
				GCC_C_LANGUAGE_STANDARD = gnu99;
				GCC_DYNAMIC_NO_PIC = NO;
				GCC_NO_COMMON_BLOCKS = YES;
				GCC_OPTIMIZATION_LEVEL = 0;
				GCC_PREPROCESSOR_DEFINITIONS = (
					"DEBUG=1",
					"$(inherited)",
				);
				GCC_WARN_64_TO_32_BIT_CONVERSION = YES;
				GCC_WARN_ABOUT_RETURN_TYPE = YES_ERROR;
				GCC_WARN_UNDECLARED_SELECTOR = YES;
				GCC_WARN_UNINITIALIZED_AUTOS = YES_AGGRESSIVE;
				GCC_WARN_UNUSED_FUNCTION = YES;
				GCC_WARN_UNUSED_VARIABLE = YES;
				IPHONEOS_DEPLOYMENT_TARGET = 10.3;
				MTL_ENABLE_DEBUG_INFO = YES;
				ONLY_ACTIVE_ARCH = YES;
				SDKROOT = iphoneos;
				SWIFT_ACTIVE_COMPILATION_CONDITIONS = DEBUG;
				SWIFT_OPTIMIZATION_LEVEL = "-Onone";
				TARGETED_DEVICE_FAMILY = "1,2";
			};
			name = Debug;
		};
		67D3E4971ED87ADF000EA75B /* Release */ = {
			isa = XCBuildConfiguration;
			buildSettings = {
				ALWAYS_SEARCH_USER_PATHS = NO;
				CLANG_ANALYZER_LOCALIZABILITY_NONLOCALIZED = YES;
				CLANG_ANALYZER_NONNULL = YES;
				CLANG_ANALYZER_NUMBER_OBJECT_CONVERSION = YES_AGGRESSIVE;
				CLANG_CXX_LANGUAGE_STANDARD = "gnu++0x";
				CLANG_CXX_LIBRARY = "libc++";
				CLANG_ENABLE_MODULES = YES;
				CLANG_ENABLE_OBJC_ARC = YES;
				CLANG_WARN_BOOL_CONVERSION = YES;
				CLANG_WARN_CONSTANT_CONVERSION = YES;
				CLANG_WARN_DIRECT_OBJC_ISA_USAGE = YES_ERROR;
				CLANG_WARN_DOCUMENTATION_COMMENTS = YES;
				CLANG_WARN_EMPTY_BODY = YES;
				CLANG_WARN_ENUM_CONVERSION = YES;
				CLANG_WARN_INFINITE_RECURSION = YES;
				CLANG_WARN_INT_CONVERSION = YES;
				CLANG_WARN_OBJC_ROOT_CLASS = YES_ERROR;
				CLANG_WARN_SUSPICIOUS_MOVE = YES;
				CLANG_WARN_UNREACHABLE_CODE = YES;
				CLANG_WARN__DUPLICATE_METHOD_MATCH = YES;
				"CODE_SIGN_IDENTITY[sdk=iphoneos*]" = "iPhone Developer";
				COPY_PHASE_STRIP = NO;
				DEBUG_INFORMATION_FORMAT = "dwarf-with-dsym";
				ENABLE_NS_ASSERTIONS = NO;
				ENABLE_STRICT_OBJC_MSGSEND = YES;
				GCC_C_LANGUAGE_STANDARD = gnu99;
				GCC_NO_COMMON_BLOCKS = YES;
				GCC_WARN_64_TO_32_BIT_CONVERSION = YES;
				GCC_WARN_ABOUT_RETURN_TYPE = YES_ERROR;
				GCC_WARN_UNDECLARED_SELECTOR = YES;
				GCC_WARN_UNINITIALIZED_AUTOS = YES_AGGRESSIVE;
				GCC_WARN_UNUSED_FUNCTION = YES;
				GCC_WARN_UNUSED_VARIABLE = YES;
				IPHONEOS_DEPLOYMENT_TARGET = 10.3;
				MTL_ENABLE_DEBUG_INFO = NO;
				SDKROOT = iphoneos;
				SWIFT_OPTIMIZATION_LEVEL = "-Owholemodule";
				TARGETED_DEVICE_FAMILY = "1,2";
				VALIDATE_PRODUCT = YES;
			};
			name = Release;
		};
		67D3E4991ED87ADF000EA75B /* Debug */ = {
			isa = XCBuildConfiguration;
			buildSettings = {
				ASSETCATALOG_COMPILER_APPICON_NAME = AppIcon;
				INFOPLIST_FILE = BikeHistorie/Info.plist;
				LD_RUNPATH_SEARCH_PATHS = "$(inherited) @executable_path/Frameworks";
				PRODUCT_BUNDLE_IDENTIFIER = annettekreutz.BikeHistorie;
				PRODUCT_NAME = "$(TARGET_NAME)";
				SWIFT_VERSION = 3.0;
			};
			name = Debug;
		};
		67D3E49A1ED87ADF000EA75B /* Release */ = {
			isa = XCBuildConfiguration;
			buildSettings = {
				ASSETCATALOG_COMPILER_APPICON_NAME = AppIcon;
				INFOPLIST_FILE = BikeHistorie/Info.plist;
				LD_RUNPATH_SEARCH_PATHS = "$(inherited) @executable_path/Frameworks";
				PRODUCT_BUNDLE_IDENTIFIER = annettekreutz.BikeHistorie;
				PRODUCT_NAME = "$(TARGET_NAME)";
				SWIFT_VERSION = 3.0;
			};
			name = Release;
		};
		67D3E49C1ED87ADF000EA75B /* Debug */ = {
			isa = XCBuildConfiguration;
			buildSettings = {
				ALWAYS_EMBED_SWIFT_STANDARD_LIBRARIES = YES;
				BUNDLE_LOADER = "$(TEST_HOST)";
				INFOPLIST_FILE = BikeHistorieTests/Info.plist;
				LD_RUNPATH_SEARCH_PATHS = "$(inherited) @executable_path/Frameworks @loader_path/Frameworks";
				PRODUCT_BUNDLE_IDENTIFIER = annettekreutz.BikeHistorieTests;
				PRODUCT_NAME = "$(TARGET_NAME)";
				SWIFT_VERSION = 3.0;
				TEST_HOST = "$(BUILT_PRODUCTS_DIR)/BikeHistorie.app/BikeHistorie";
			};
			name = Debug;
		};
		67D3E49D1ED87ADF000EA75B /* Release */ = {
			isa = XCBuildConfiguration;
			buildSettings = {
				ALWAYS_EMBED_SWIFT_STANDARD_LIBRARIES = YES;
				BUNDLE_LOADER = "$(TEST_HOST)";
				INFOPLIST_FILE = BikeHistorieTests/Info.plist;
				LD_RUNPATH_SEARCH_PATHS = "$(inherited) @executable_path/Frameworks @loader_path/Frameworks";
				PRODUCT_BUNDLE_IDENTIFIER = annettekreutz.BikeHistorieTests;
				PRODUCT_NAME = "$(TARGET_NAME)";
				SWIFT_VERSION = 3.0;
				TEST_HOST = "$(BUILT_PRODUCTS_DIR)/BikeHistorie.app/BikeHistorie";
			};
			name = Release;
		};
/* End XCBuildConfiguration section */

/* Begin XCConfigurationList section */
		67D3E4761ED87ADF000EA75B /* Build configuration list for PBXProject "BikeHistorie" */ = {
			isa = XCConfigurationList;
			buildConfigurations = (
				67D3E4961ED87ADF000EA75B /* Debug */,
				67D3E4971ED87ADF000EA75B /* Release */,
			);
			defaultConfigurationIsVisible = 0;
			defaultConfigurationName = Release;
		};
		67D3E4981ED87ADF000EA75B /* Build configuration list for PBXNativeTarget "BikeHistorie" */ = {
			isa = XCConfigurationList;
			buildConfigurations = (
				67D3E4991ED87ADF000EA75B /* Debug */,
				67D3E49A1ED87ADF000EA75B /* Release */,
			);
			defaultConfigurationIsVisible = 0;
			defaultConfigurationName = Release;
		};
		67D3E49B1ED87ADF000EA75B /* Build configuration list for PBXNativeTarget "BikeHistorieTests" */ = {
			isa = XCConfigurationList;
			buildConfigurations = (
				67D3E49C1ED87ADF000EA75B /* Debug */,
				67D3E49D1ED87ADF000EA75B /* Release */,
			);
			defaultConfigurationIsVisible = 0;
			defaultConfigurationName = Release;
		};
/* End XCConfigurationList section */
	};
	rootObject = 67D3E4731ED87ADF000EA75B /* Project object */;
}
